
Microsoft Visual Studio Solution File, Format Version 12.00
Project("{FAE04EC0-301F-11D3-BF4B-00C04F79EFBC}") = "ReHitman.ScriptingRuntime", "ReHitman.ScriptingRuntime\ReHitman.ScriptingRuntime.csproj", "{5F93DB85-A501-4A08-A2A9-1176BC3B8D95}"
EndProject
Project("{FAE04EC0-301F-11D3-BF4B-00C04F79EFBC}") = "SampleMod", "Samples\SampleMod\SampleMod.csproj", "{39D42F1E-FF0A-41DC-83DE-7A8481AEEBD2}"
EndProject
Global
	GlobalSection(SolutionConfigurationPlatforms) = preSolution
		Debug|Any CPU = Debug|Any CPU
		Release|Any CPU = Release|Any CPU
	EndGlobalSection
	GlobalSection(ProjectConfigurationPlatforms) = postSolution
		{5F93DB85-A501-4A08-A2A9-1176BC3B8D95}.Debug|Any CPU.ActiveCfg = Debug|Any CPU
		{5F93DB85-A501-4A08-A2A9-1176BC3B8D95}.Debug|Any CPU.Build.0 = Debug|Any CPU
		{5F93DB85-A501-4A08-A2A9-1176BC3B8D95}.Release|Any CPU.ActiveCfg = Release|Any CPU
		{5F93DB85-A501-4A08-A2A9-1176BC3B8D95}.Release|Any CPU.Build.0 = Release|Any CPU
		{39D42F1E-FF0A-41DC-83DE-7A8481AEEBD2}.Debug|Any CPU.ActiveCfg = Debug|Any CPU
		{39D42F1E-FF0A-41DC-83DE-7A8481AEEBD2}.Debug|Any CPU.Build.0 = Debug|Any CPU
		{39D42F1E-FF0A-41DC-83DE-7A8481AEEBD2}.Release|Any CPU.ActiveCfg = Release|Any CPU
		{39D42F1E-FF0A-41DC-83DE-7A8481AEEBD2}.Release|Any CPU.Build.0 = Release|Any CPU
	EndGlobalSection
EndGlobal
